
Microsoft Visual Studio Solution File, Format Version 12.00
# Visual Studio Version 16
VisualStudioVersion = 16.0.30804.86
MinimumVisualStudioVersion = 10.0.40219.1
Project("{FAE04EC0-301F-11D3-BF4B-00C04F79EFBC}") = "IsThisRightBlog", "IsThisRightBlog.csproj", "{1AB2956A-68B2-4AB2-B4C1-310181D02F69}"
EndProject
Global
	GlobalSection(SolutionConfigurationPlatforms) = preSolution
		Debug|Any CPU = Debug|Any CPU
		Release|Any CPU = Release|Any CPU
	EndGlobalSection
	GlobalSection(ProjectConfigurationPlatforms) = postSolution
		{1AB2956A-68B2-4AB2-B4C1-310181D02F69}.Debug|Any CPU.ActiveCfg = Debug|Any CPU
		{1AB2956A-68B2-4AB2-B4C1-310181D02F69}.Debug|Any CPU.Build.0 = Debug|Any CPU
		{1AB2956A-68B2-4AB2-B4C1-310181D02F69}.Release|Any CPU.ActiveCfg = Release|Any CPU
		{1AB2956A-68B2-4AB2-B4C1-310181D02F69}.Release|Any CPU.Build.0 = Release|Any CPU
	EndGlobalSection
	GlobalSection(SolutionProperties) = preSolution
		HideSolutionNode = FALSE
	EndGlobalSection
	GlobalSection(ExtensibilityGlobals) = postSolution
		SolutionGuid = {C4E79A70-3836-4D98-A426-473434976CBB}
	EndGlobalSection
EndGlobal
